
Microsoft Visual Studio Solution File, Format Version 12.00
# Visual Studio 2013
VisualStudioVersion = 12.0.30110.0
MinimumVisualStudioVersion = 10.0.40219.1
Project("{FAE04EC0-301F-11D3-BF4B-00C04F79EFBC}") = "Cortoxa", "Cortoxa\Cortoxa.csproj", "{5F54C462-7E84-40C3-B045-92589FE9FEA4}"
EndProject
Project("{FAE04EC0-301F-11D3-BF4B-00C04F79EFBC}") = "Cortoxa.Windsor", "Cortoxa.Windsor\Cortoxa.Windsor.csproj", "{34F71A84-2C75-468C-AEE2-61246F6B1353}"
EndProject
Project("{FAE04EC0-301F-11D3-BF4B-00C04F79EFBC}") = "Cortoxa.Web", "Cortoxa.Web\Cortoxa.Web.csproj", "{8F8156B2-1AF2-42F8-B7BC-C869C7B15745}"
EndProject
Project("{FAE04EC0-301F-11D3-BF4B-00C04F79EFBC}") = "Cortoxa.Log4Net", "Cortoxa.Log4Net\Cortoxa.Log4Net.csproj", "{E9B662EE-8748-4A8A-BFB4-6824C6D08514}"
EndProject
Project("{FAE04EC0-301F-11D3-BF4B-00C04F79EFBC}") = "Cortoxa.Owin", "Cortoxa.Owin\Cortoxa.Owin.csproj", "{C16B0838-28F3-44E4-9C28-A25B98E921E0}"
EndProject
Project("{2150E333-8FDC-42A3-9474-1A3956D46DE8}") = "Logging", "Logging", "{22078EA7-E1E3-4A07-90E8-C7F591F42BC8}"
EndProject
Project("{FAE04EC0-301F-11D3-BF4B-00C04F79EFBC}") = "Cortoxa.NLog", "Cortoxa.NLog\Cortoxa.NLog.csproj", "{9041BABE-E6B7-4CEE-BF08-EE56C4DC43E7}"
EndProject
Project("{2150E333-8FDC-42A3-9474-1A3956D46DE8}") = "IoC", "IoC", "{09618881-7332-410F-94F1-5DE9708F77B4}"
EndProject
Project("{2150E333-8FDC-42A3-9474-1A3956D46DE8}") = "Data", "Data", "{FBBF81AB-50F9-4275-B313-6032C32644EE}"
EndProject
Project("{2150E333-8FDC-42A3-9474-1A3956D46DE8}") = "Samples", "Samples", "{9D85B79E-8BC4-4E6D-B074-B48B6FBD7BEE}"
EndProject
Project("{FAE04EC0-301F-11D3-BF4B-00C04F79EFBC}") = "Cortoxa.Ninject", "Cortoxa.Ninject\Cortoxa.Ninject.csproj", "{58FDFEF1-D2B0-48B7-83F0-C6A123797EE3}"
EndProject
Project("{FAE04EC0-301F-11D3-BF4B-00C04F79EFBC}") = "Cortoxa.Data", "Cortoxa.Data\Cortoxa.Data.csproj", "{06C7E715-B86C-41E0-8879-CAC35C112A8D}"
EndProject
Project("{2150E333-8FDC-42A3-9474-1A3956D46DE8}") = "Web", "Web", "{BFEA0B2B-B9E6-4EED-A600-E3AA22CC8DC0}"
EndProject
Project("{FAE04EC0-301F-11D3-BF4B-00C04F79EFBC}") = "Cortoxa.Web.MVC", "Cortoxa.Web.MVC\Cortoxa.Web.MVC.csproj", "{CCE38A3C-24C1-47C2-B09B-690D6A481D44}"
EndProject
Project("{2150E333-8FDC-42A3-9474-1A3956D46DE8}") = "Owin", "Owin", "{531C1FC2-CF70-4198-BB85-20DDFF0310EB}"
EndProject
Project("{FAE04EC0-301F-11D3-BF4B-00C04F79EFBC}") = "Samples.Data", "Samples\Samples.Data\Samples.Data.csproj", "{5370D894-3D03-4BCA-A8BF-15960158369D}"
EndProject
Project("{FAE04EC0-301F-11D3-BF4B-00C04F79EFBC}") = "Samples.Data.NHibernate", "Samples\Samples.Data.NHibernate\Samples.Data.NHibernate.csproj", "{C1B54993-2D9B-4DF6-9B95-2A5DDB59B896}"
EndProject
Project("{FAE04EC0-301F-11D3-BF4B-00C04F79EFBC}") = "Samples.Domain", "Samples\Samples.Domain\Samples.Domain.csproj", "{1041E5BD-307A-442A-828E-B6DD38F41E19}"
EndProject
Project("{FAE04EC0-301F-11D3-BF4B-00C04F79EFBC}") = "Samples.Console", "Samples\Samples.Console\Samples.Console.csproj", "{1EACE238-6439-4619-95DD-7A2440F71649}"
EndProject
Project("{FAE04EC0-301F-11D3-BF4B-00C04F79EFBC}") = "Samples.Data.EntityFramework", "Samples\Samples.Data.EntityFrameWork\Samples.Data.EntityFramework.csproj", "{D49F278C-8334-4E46-9E2B-6B42FEED5CC8}"
EndProject
Project("{FAE04EC0-301F-11D3-BF4B-00C04F79EFBC}") = "Cortoxa.Data.EntityFramework", "Cortoxa.Data,EntityFramework\Cortoxa.Data.EntityFramework.csproj", "{5110928C-CA26-480F-B3B9-B1C07728D8AE}"
EndProject
Project("{FAE04EC0-301F-11D3-BF4B-00C04F79EFBC}") = "Cortoxa.Data.NHibernate", "Cortoxa.Data,NHibernate\Cortoxa.Data.NHibernate.csproj", "{F36A7BCF-6A17-4174-9FFA-E462F19A644A}"
EndProject
Project("{FAE04EC0-301F-11D3-BF4B-00C04F79EFBC}") = "Cortoxa.Data.Identity", "Cortoxa.Data.Identity\Cortoxa.Data.Identity.csproj", "{92912F87-74FC-4F5F-9AF6-00E537BC888E}"
EndProject
Global
	GlobalSection(SubversionScc) = preSolution
		Svn-Managed = True
		Manager = AnkhSVN - Subversion Support for Visual Studio
	EndGlobalSection
	GlobalSection(SolutionConfigurationPlatforms) = preSolution
		Debug|Any CPU = Debug|Any CPU
		Release|Any CPU = Release|Any CPU
	EndGlobalSection
	GlobalSection(ProjectConfigurationPlatforms) = postSolution
		{5F54C462-7E84-40C3-B045-92589FE9FEA4}.Debug|Any CPU.ActiveCfg = Debug|Any CPU
		{5F54C462-7E84-40C3-B045-92589FE9FEA4}.Debug|Any CPU.Build.0 = Debug|Any CPU
		{5F54C462-7E84-40C3-B045-92589FE9FEA4}.Release|Any CPU.ActiveCfg = Release|Any CPU
		{5F54C462-7E84-40C3-B045-92589FE9FEA4}.Release|Any CPU.Build.0 = Release|Any CPU
		{34F71A84-2C75-468C-AEE2-61246F6B1353}.Debug|Any CPU.ActiveCfg = Debug|Any CPU
		{34F71A84-2C75-468C-AEE2-61246F6B1353}.Debug|Any CPU.Build.0 = Debug|Any CPU
		{34F71A84-2C75-468C-AEE2-61246F6B1353}.Release|Any CPU.ActiveCfg = Release|Any CPU
		{34F71A84-2C75-468C-AEE2-61246F6B1353}.Release|Any CPU.Build.0 = Release|Any CPU
		{8F8156B2-1AF2-42F8-B7BC-C869C7B15745}.Debug|Any CPU.ActiveCfg = Debug|Any CPU
		{8F8156B2-1AF2-42F8-B7BC-C869C7B15745}.Debug|Any CPU.Build.0 = Debug|Any CPU
		{8F8156B2-1AF2-42F8-B7BC-C869C7B15745}.Release|Any CPU.ActiveCfg = Release|Any CPU
		{8F8156B2-1AF2-42F8-B7BC-C869C7B15745}.Release|Any CPU.Build.0 = Release|Any CPU
		{E9B662EE-8748-4A8A-BFB4-6824C6D08514}.Debug|Any CPU.ActiveCfg = Debug|Any CPU
		{E9B662EE-8748-4A8A-BFB4-6824C6D08514}.Debug|Any CPU.Build.0 = Debug|Any CPU
		{E9B662EE-8748-4A8A-BFB4-6824C6D08514}.Release|Any CPU.ActiveCfg = Release|Any CPU
		{E9B662EE-8748-4A8A-BFB4-6824C6D08514}.Release|Any CPU.Build.0 = Release|Any CPU
		{C16B0838-28F3-44E4-9C28-A25B98E921E0}.Debug|Any CPU.ActiveCfg = Debug|Any CPU
		{C16B0838-28F3-44E4-9C28-A25B98E921E0}.Debug|Any CPU.Build.0 = Debug|Any CPU
		{C16B0838-28F3-44E4-9C28-A25B98E921E0}.Release|Any CPU.ActiveCfg = Release|Any CPU
		{C16B0838-28F3-44E4-9C28-A25B98E921E0}.Release|Any CPU.Build.0 = Release|Any CPU
		{9041BABE-E6B7-4CEE-BF08-EE56C4DC43E7}.Debug|Any CPU.ActiveCfg = Debug|Any CPU
		{9041BABE-E6B7-4CEE-BF08-EE56C4DC43E7}.Debug|Any CPU.Build.0 = Debug|Any CPU
		{9041BABE-E6B7-4CEE-BF08-EE56C4DC43E7}.Release|Any CPU.ActiveCfg = Release|Any CPU
		{9041BABE-E6B7-4CEE-BF08-EE56C4DC43E7}.Release|Any CPU.Build.0 = Release|Any CPU
		{58FDFEF1-D2B0-48B7-83F0-C6A123797EE3}.Debug|Any CPU.ActiveCfg = Debug|Any CPU
		{58FDFEF1-D2B0-48B7-83F0-C6A123797EE3}.Debug|Any CPU.Build.0 = Debug|Any CPU
		{58FDFEF1-D2B0-48B7-83F0-C6A123797EE3}.Release|Any CPU.ActiveCfg = Release|Any CPU
		{58FDFEF1-D2B0-48B7-83F0-C6A123797EE3}.Release|Any CPU.Build.0 = Release|Any CPU
		{06C7E715-B86C-41E0-8879-CAC35C112A8D}.Debug|Any CPU.ActiveCfg = Debug|Any CPU
		{06C7E715-B86C-41E0-8879-CAC35C112A8D}.Debug|Any CPU.Build.0 = Debug|Any CPU
		{06C7E715-B86C-41E0-8879-CAC35C112A8D}.Release|Any CPU.ActiveCfg = Release|Any CPU
		{06C7E715-B86C-41E0-8879-CAC35C112A8D}.Release|Any CPU.Build.0 = Release|Any CPU
		{CCE38A3C-24C1-47C2-B09B-690D6A481D44}.Debug|Any CPU.ActiveCfg = Debug|Any CPU
		{CCE38A3C-24C1-47C2-B09B-690D6A481D44}.Debug|Any CPU.Build.0 = Debug|Any CPU
		{CCE38A3C-24C1-47C2-B09B-690D6A481D44}.Release|Any CPU.ActiveCfg = Release|Any CPU
		{CCE38A3C-24C1-47C2-B09B-690D6A481D44}.Release|Any CPU.Build.0 = Release|Any CPU
		{5370D894-3D03-4BCA-A8BF-15960158369D}.Debug|Any CPU.ActiveCfg = Debug|Any CPU
		{5370D894-3D03-4BCA-A8BF-15960158369D}.Debug|Any CPU.Build.0 = Debug|Any CPU
		{5370D894-3D03-4BCA-A8BF-15960158369D}.Release|Any CPU.ActiveCfg = Release|Any CPU
		{5370D894-3D03-4BCA-A8BF-15960158369D}.Release|Any CPU.Build.0 = Release|Any CPU
		{C1B54993-2D9B-4DF6-9B95-2A5DDB59B896}.Debug|Any CPU.ActiveCfg = Debug|Any CPU
		{C1B54993-2D9B-4DF6-9B95-2A5DDB59B896}.Debug|Any CPU.Build.0 = Debug|Any CPU
		{C1B54993-2D9B-4DF6-9B95-2A5DDB59B896}.Release|Any CPU.ActiveCfg = Release|Any CPU
		{C1B54993-2D9B-4DF6-9B95-2A5DDB59B896}.Release|Any CPU.Build.0 = Release|Any CPU
		{1041E5BD-307A-442A-828E-B6DD38F41E19}.Debug|Any CPU.ActiveCfg = Debug|Any CPU
		{1041E5BD-307A-442A-828E-B6DD38F41E19}.Debug|Any CPU.Build.0 = Debug|Any CPU
		{1041E5BD-307A-442A-828E-B6DD38F41E19}.Release|Any CPU.ActiveCfg = Release|Any CPU
		{1041E5BD-307A-442A-828E-B6DD38F41E19}.Release|Any CPU.Build.0 = Release|Any CPU
		{1EACE238-6439-4619-95DD-7A2440F71649}.Debug|Any CPU.ActiveCfg = Debug|Any CPU
		{1EACE238-6439-4619-95DD-7A2440F71649}.Debug|Any CPU.Build.0 = Debug|Any CPU
		{1EACE238-6439-4619-95DD-7A2440F71649}.Release|Any CPU.ActiveCfg = Release|Any CPU
		{1EACE238-6439-4619-95DD-7A2440F71649}.Release|Any CPU.Build.0 = Release|Any CPU
		{D49F278C-8334-4E46-9E2B-6B42FEED5CC8}.Debug|Any CPU.ActiveCfg = Debug|Any CPU
		{D49F278C-8334-4E46-9E2B-6B42FEED5CC8}.Debug|Any CPU.Build.0 = Debug|Any CPU
		{D49F278C-8334-4E46-9E2B-6B42FEED5CC8}.Release|Any CPU.ActiveCfg = Release|Any CPU
		{D49F278C-8334-4E46-9E2B-6B42FEED5CC8}.Release|Any CPU.Build.0 = Release|Any CPU
		{5110928C-CA26-480F-B3B9-B1C07728D8AE}.Debug|Any CPU.ActiveCfg = Debug|Any CPU
		{5110928C-CA26-480F-B3B9-B1C07728D8AE}.Debug|Any CPU.Build.0 = Debug|Any CPU
		{5110928C-CA26-480F-B3B9-B1C07728D8AE}.Release|Any CPU.ActiveCfg = Release|Any CPU
		{5110928C-CA26-480F-B3B9-B1C07728D8AE}.Release|Any CPU.Build.0 = Release|Any CPU
		{F36A7BCF-6A17-4174-9FFA-E462F19A644A}.Debug|Any CPU.ActiveCfg = Debug|Any CPU
		{F36A7BCF-6A17-4174-9FFA-E462F19A644A}.Debug|Any CPU.Build.0 = Debug|Any CPU
		{F36A7BCF-6A17-4174-9FFA-E462F19A644A}.Release|Any CPU.ActiveCfg = Release|Any CPU
		{F36A7BCF-6A17-4174-9FFA-E462F19A644A}.Release|Any CPU.Build.0 = Release|Any CPU
		{92912F87-74FC-4F5F-9AF6-00E537BC888E}.Debug|Any CPU.ActiveCfg = Debug|Any CPU
		{92912F87-74FC-4F5F-9AF6-00E537BC888E}.Debug|Any CPU.Build.0 = Debug|Any CPU
		{92912F87-74FC-4F5F-9AF6-00E537BC888E}.Release|Any CPU.ActiveCfg = Release|Any CPU
		{92912F87-74FC-4F5F-9AF6-00E537BC888E}.Release|Any CPU.Build.0 = Release|Any CPU
	EndGlobalSection
	GlobalSection(SolutionProperties) = preSolution
		HideSolutionNode = FALSE
	EndGlobalSection
	GlobalSection(NestedProjects) = preSolution
		{34F71A84-2C75-468C-AEE2-61246F6B1353} = {09618881-7332-410F-94F1-5DE9708F77B4}
		{58FDFEF1-D2B0-48B7-83F0-C6A123797EE3} = {09618881-7332-410F-94F1-5DE9708F77B4}
		{06C7E715-B86C-41E0-8879-CAC35C112A8D} = {FBBF81AB-50F9-4275-B313-6032C32644EE}
		{5110928C-CA26-480F-B3B9-B1C07728D8AE} = {FBBF81AB-50F9-4275-B313-6032C32644EE}
		{F36A7BCF-6A17-4174-9FFA-E462F19A644A} = {FBBF81AB-50F9-4275-B313-6032C32644EE}
		{92912F87-74FC-4F5F-9AF6-00E537BC888E} = {FBBF81AB-50F9-4275-B313-6032C32644EE}
		{8F8156B2-1AF2-42F8-B7BC-C869C7B15745} = {BFEA0B2B-B9E6-4EED-A600-E3AA22CC8DC0}
		{CCE38A3C-24C1-47C2-B09B-690D6A481D44} = {BFEA0B2B-B9E6-4EED-A600-E3AA22CC8DC0}
		{E9B662EE-8748-4A8A-BFB4-6824C6D08514} = {22078EA7-E1E3-4A07-90E8-C7F591F42BC8}
		{9041BABE-E6B7-4CEE-BF08-EE56C4DC43E7} = {22078EA7-E1E3-4A07-90E8-C7F591F42BC8}
		{C16B0838-28F3-44E4-9C28-A25B98E921E0} = {531C1FC2-CF70-4198-BB85-20DDFF0310EB}
		{5370D894-3D03-4BCA-A8BF-15960158369D} = {9D85B79E-8BC4-4E6D-B074-B48B6FBD7BEE}
		{C1B54993-2D9B-4DF6-9B95-2A5DDB59B896} = {9D85B79E-8BC4-4E6D-B074-B48B6FBD7BEE}
		{1041E5BD-307A-442A-828E-B6DD38F41E19} = {9D85B79E-8BC4-4E6D-B074-B48B6FBD7BEE}
		{1EACE238-6439-4619-95DD-7A2440F71649} = {9D85B79E-8BC4-4E6D-B074-B48B6FBD7BEE}
		{D49F278C-8334-4E46-9E2B-6B42FEED5CC8} = {9D85B79E-8BC4-4E6D-B074-B48B6FBD7BEE}
	EndGlobalSection
EndGlobal
